PODS:
  - DLPhotoPicker (0.1.0):
    - SnapKit (~> 4.0.0)
  - SnapKit (4.0.0)

DEPENDENCIES:
  - DLPhotoPicker (from `../`)
  - SnapKit

SPEC REPOS:
  https://github.com/CocoaPods/Specs.git:
    - SnapKit

EXTERNAL SOURCES:
  DLPhotoPicker:
    :path: "../"

SPEC CHECKSUMS:
  DLPhotoPicker: d0c8e8c030127cdb20f7d2fd84ee46f8c78b014d
  SnapKit: a42d492c16e80209130a3379f73596c3454b7694

PODFILE CHECKSUM: 101e6d59e478ec966d4236b82b311226ae0e6216

COCOAPODS: 1.5.0
