PODS:
  - DLPhotoPicker (0.1.0):
    - NVActivityIndicatorView (~> 4.2.1)
  - NVActivityIndicatorView (4.2.1):
    - NVActivityIndicatorView/Presenter (= 4.2.1)
  - NVActivityIndicatorView/Presenter (4.2.1)
  - SnapKit (4.0.0)

DEPENDENCIES:
  - DLPhotoPicker (from `../`)
  - SnapKit

SPEC REPOS:
  https://github.com/CocoaPods/Specs.git:
    - NVActivityIndicatorView
    - SnapKit

EXTERNAL SOURCES:
  DLPhotoPicker:
    :path: "../"

SPEC CHECKSUMS:
  DLPhotoPicker: dba631e66a070c1bf938bff74ee8a67ca3e40498
  NVActivityIndicatorView: 8068ba3ad39cb44cbaab25d89ff2546b3f092681
  SnapKit: a42d492c16e80209130a3379f73596c3454b7694

PODFILE CHECKSUM: f2490f34930ffd52934a9bd2fd34422c5a992bb8

COCOAPODS: 1.5.0
